
Microsoft Visual Studio Solution File, Format Version 12.00
# Visual Studio Version 16
VisualStudioVersion = 16.0.29409.12
MinimumVisualStudioVersion = 10.0.40219.1
Project("{FAE04EC0-301F-11D3-BF4B-00C04F79EFBC}") = "WebApiCoreCadastro", "WebApiCoreCadastro\WebApiCoreCadastro.csproj", "{FCA58A66-772C-4023-BDF0-E9C2673E20C5}"
EndProject
Global
	GlobalSection(SolutionConfigurationPlatforms) = preSolution
		Debug|Any CPU = Debug|Any CPU
		Release|Any CPU = Release|Any CPU
	EndGlobalSection
	GlobalSection(ProjectConfigurationPlatforms) = postSolution
		{FCA58A66-772C-4023-BDF0-E9C2673E20C5}.Debug|Any CPU.ActiveCfg = Debug|Any CPU
		{FCA58A66-772C-4023-BDF0-E9C2673E20C5}.Debug|Any CPU.Build.0 = Debug|Any CPU
		{FCA58A66-772C-4023-BDF0-E9C2673E20C5}.Release|Any CPU.ActiveCfg = Release|Any CPU
		{FCA58A66-772C-4023-BDF0-E9C2673E20C5}.Release|Any CPU.Build.0 = Release|Any CPU
	EndGlobalSection
	GlobalSection(SolutionProperties) = preSolution
		HideSolutionNode = FALSE
	EndGlobalSection
	GlobalSection(ExtensibilityGlobals) = postSolution
		SolutionGuid = {832196CC-8B2E-4A95-92D8-51E41C1A8750}
	EndGlobalSection
EndGlobal
