
Microsoft Visual Studio Solution File, Format Version 12.00
# Visual Studio Version 16
VisualStudioVersion = 16.0.29102.190
MinimumVisualStudioVersion = 10.0.40219.1
Project("{FAE04EC0-301F-11D3-BF4B-00C04F79EFBC}") = "LocacaoBiblioteca", "LocacaoBiblioteca\LocacaoBiblioteca.csproj", "{1FB85BCA-6819-411C-BD2C-12377523344F}"
EndProject
Project("{FAE04EC0-301F-11D3-BF4B-00C04F79EFBC}") = "InterfaceBiblioteca", "InterfaceBiblioteca\InterfaceBiblioteca.csproj", "{7E072517-EB8B-4767-9019-6965CEE03A2D}"
EndProject
Global
	GlobalSection(SolutionConfigurationPlatforms) = preSolution
		Debug|Any CPU = Debug|Any CPU
		Release|Any CPU = Release|Any CPU
	EndGlobalSection
	GlobalSection(ProjectConfigurationPlatforms) = postSolution
		{1FB85BCA-6819-411C-BD2C-12377523344F}.Debug|Any CPU.ActiveCfg = Debug|Any CPU
		{1FB85BCA-6819-411C-BD2C-12377523344F}.Debug|Any CPU.Build.0 = Debug|Any CPU
		{1FB85BCA-6819-411C-BD2C-12377523344F}.Release|Any CPU.ActiveCfg = Release|Any CPU
		{1FB85BCA-6819-411C-BD2C-12377523344F}.Release|Any CPU.Build.0 = Release|Any CPU
		{7E072517-EB8B-4767-9019-6965CEE03A2D}.Debug|Any CPU.ActiveCfg = Debug|Any CPU
		{7E072517-EB8B-4767-9019-6965CEE03A2D}.Debug|Any CPU.Build.0 = Debug|Any CPU
		{7E072517-EB8B-4767-9019-6965CEE03A2D}.Release|Any CPU.ActiveCfg = Release|Any CPU
		{7E072517-EB8B-4767-9019-6965CEE03A2D}.Release|Any CPU.Build.0 = Release|Any CPU
	EndGlobalSection
	GlobalSection(SolutionProperties) = preSolution
		HideSolutionNode = FALSE
	EndGlobalSection
	GlobalSection(ExtensibilityGlobals) = postSolution
		SolutionGuid = {54E3DE46-3556-490A-B057-DC482CDADC15}
	EndGlobalSection
EndGlobal
