
Microsoft Visual Studio Solution File, Format Version 12.00
# Visual Studio Version 16
VisualStudioVersion = 16.0.29102.190
MinimumVisualStudioVersion = 10.0.40219.1
Project("{FAE04EC0-301F-11D3-BF4B-00C04F79EFBC}") = "ApresentandoOsAcoolatras", "ApresentandoOsAcoolatras\ApresentandoOsAcoolatras.csproj", "{9B43735C-14B8-4046-9928-063BFBA1C78B}"
EndProject
Global
	GlobalSection(SolutionConfigurationPlatforms) = preSolution
		Debug|Any CPU = Debug|Any CPU
		Release|Any CPU = Release|Any CPU
	EndGlobalSection
	GlobalSection(ProjectConfigurationPlatforms) = postSolution
		{9B43735C-14B8-4046-9928-063BFBA1C78B}.Debug|Any CPU.ActiveCfg = Debug|Any CPU
		{9B43735C-14B8-4046-9928-063BFBA1C78B}.Debug|Any CPU.Build.0 = Debug|Any CPU
		{9B43735C-14B8-4046-9928-063BFBA1C78B}.Release|Any CPU.ActiveCfg = Release|Any CPU
		{9B43735C-14B8-4046-9928-063BFBA1C78B}.Release|Any CPU.Build.0 = Release|Any CPU
	EndGlobalSection
	GlobalSection(SolutionProperties) = preSolution
		HideSolutionNode = FALSE
	EndGlobalSection
	GlobalSection(ExtensibilityGlobals) = postSolution
		SolutionGuid = {72CF1CF9-31CD-4070-ACBF-AB16F89A99AF}
	EndGlobalSection
EndGlobal
