
Microsoft Visual Studio Solution File, Format Version 12.00
# Visual Studio Version 16
VisualStudioVersion = 16.0.29102.190
MinimumVisualStudioVersion = 10.0.40219.1
Project("{FAE04EC0-301F-11D3-BF4B-00C04F79EFBC}") = "ConsoleApp2", "ConsoleApp2\ConsoleApp2.csproj", "{A636BC1B-C865-4475-A12C-97A652C50394}"
EndProject
Global
	GlobalSection(SolutionConfigurationPlatforms) = preSolution
		Debug|Any CPU = Debug|Any CPU
		Release|Any CPU = Release|Any CPU
	EndGlobalSection
	GlobalSection(ProjectConfigurationPlatforms) = postSolution
		{A636BC1B-C865-4475-A12C-97A652C50394}.Debug|Any CPU.ActiveCfg = Debug|Any CPU
		{A636BC1B-C865-4475-A12C-97A652C50394}.Debug|Any CPU.Build.0 = Debug|Any CPU
		{A636BC1B-C865-4475-A12C-97A652C50394}.Release|Any CPU.ActiveCfg = Release|Any CPU
		{A636BC1B-C865-4475-A12C-97A652C50394}.Release|Any CPU.Build.0 = Release|Any CPU
	EndGlobalSection
	GlobalSection(SolutionProperties) = preSolution
		HideSolutionNode = FALSE
	EndGlobalSection
	GlobalSection(ExtensibilityGlobals) = postSolution
		SolutionGuid = {66BC0AAB-EB98-4A62-9427-680F8698B358}
	EndGlobalSection
EndGlobal
