
Microsoft Visual Studio Solution File, Format Version 12.00
# Visual Studio Version 16
VisualStudioVersion = 16.0.29102.190
MinimumVisualStudioVersion = 10.0.40219.1
Project("{FAE04EC0-301F-11D3-BF4B-00C04F79EFBC}") = "BibliotecaFloricultura", "BibliotecaFloricultura\BibliotecaFloricultura.csproj", "{F7ECFF46-9E47-49F4-A5A4-70D85C50008B}"
EndProject
Project("{FAE04EC0-301F-11D3-BF4B-00C04F79EFBC}") = "ViewFloricultura", "ViewFloricultura\ViewFloricultura.csproj", "{D52C9BC7-DEAB-4D7C-B5C9-2B8AADEC10DB}"
EndProject
Global
	GlobalSection(SolutionConfigurationPlatforms) = preSolution
		Debug|Any CPU = Debug|Any CPU
		Release|Any CPU = Release|Any CPU
	EndGlobalSection
	GlobalSection(ProjectConfigurationPlatforms) = postSolution
		{F7ECFF46-9E47-49F4-A5A4-70D85C50008B}.Debug|Any CPU.ActiveCfg = Debug|Any CPU
		{F7ECFF46-9E47-49F4-A5A4-70D85C50008B}.Debug|Any CPU.Build.0 = Debug|Any CPU
		{F7ECFF46-9E47-49F4-A5A4-70D85C50008B}.Release|Any CPU.ActiveCfg = Release|Any CPU
		{F7ECFF46-9E47-49F4-A5A4-70D85C50008B}.Release|Any CPU.Build.0 = Release|Any CPU
		{D52C9BC7-DEAB-4D7C-B5C9-2B8AADEC10DB}.Debug|Any CPU.ActiveCfg = Debug|Any CPU
		{D52C9BC7-DEAB-4D7C-B5C9-2B8AADEC10DB}.Debug|Any CPU.Build.0 = Debug|Any CPU
		{D52C9BC7-DEAB-4D7C-B5C9-2B8AADEC10DB}.Release|Any CPU.ActiveCfg = Release|Any CPU
		{D52C9BC7-DEAB-4D7C-B5C9-2B8AADEC10DB}.Release|Any CPU.Build.0 = Release|Any CPU
	EndGlobalSection
	GlobalSection(SolutionProperties) = preSolution
		HideSolutionNode = FALSE
	EndGlobalSection
	GlobalSection(ExtensibilityGlobals) = postSolution
		SolutionGuid = {B337BCB9-4BF0-49BC-9A40-E1DA604B3C27}
	EndGlobalSection
EndGlobal
