
Microsoft Visual Studio Solution File, Format Version 12.00
# Visual Studio Version 16
VisualStudioVersion = 16.0.29409.12
MinimumVisualStudioVersion = 10.0.40219.1
Project("{FAE04EC0-301F-11D3-BF4B-00C04F79EFBC}") = "WebApiNetCore", "WebApiNetCore\WebApiNetCore.csproj", "{6702811A-388F-4E20-B077-29F97D925B83}"
EndProject
Global
	GlobalSection(SolutionConfigurationPlatforms) = preSolution
		Debug|Any CPU = Debug|Any CPU
		Release|Any CPU = Release|Any CPU
	EndGlobalSection
	GlobalSection(ProjectConfigurationPlatforms) = postSolution
		{6702811A-388F-4E20-B077-29F97D925B83}.Debug|Any CPU.ActiveCfg = Debug|Any CPU
		{6702811A-388F-4E20-B077-29F97D925B83}.Debug|Any CPU.Build.0 = Debug|Any CPU
		{6702811A-388F-4E20-B077-29F97D925B83}.Release|Any CPU.ActiveCfg = Release|Any CPU
		{6702811A-388F-4E20-B077-29F97D925B83}.Release|Any CPU.Build.0 = Release|Any CPU
	EndGlobalSection
	GlobalSection(SolutionProperties) = preSolution
		HideSolutionNode = FALSE
	EndGlobalSection
	GlobalSection(ExtensibilityGlobals) = postSolution
		SolutionGuid = {043BB34C-E8F0-4996-947E-BC7FB993B041}
	EndGlobalSection
EndGlobal
